
Microsoft Visual Studio Solution File, Format Version 12.00
# Visual Studio Version 17
VisualStudioVersion = 17.8.34330.188
MinimumVisualStudioVersion = 10.0.40219.1
Project("{9A19103F-16F7-4668-BE54-9A1E7A4F7556}") = "Checkout", "CheckoutService\Checkout.csproj", "{BB435CD8-28C6-43A2-BBF3-EAA95E3A66AE}"
EndProject
Project("{9A19103F-16F7-4668-BE54-9A1E7A4F7556}") = "CheckoutServiceTest", "CheckoutServiceTest\CheckoutServiceTest.csproj", "{652ADDD6-411E-4D10-87AD-EB7AFEAAF406}"
EndProject
Global
	GlobalSection(SolutionConfigurationPlatforms) = preSolution
		Debug|Any CPU = Debug|Any CPU
		Release|Any CPU = Release|Any CPU
	EndGlobalSection
	GlobalSection(ProjectConfigurationPlatforms) = postSolution
		{BB435CD8-28C6-43A2-BBF3-EAA95E3A66AE}.Debug|Any CPU.ActiveCfg = Debug|Any CPU
		{BB435CD8-28C6-43A2-BBF3-EAA95E3A66AE}.Debug|Any CPU.Build.0 = Debug|Any CPU
		{BB435CD8-28C6-43A2-BBF3-EAA95E3A66AE}.Release|Any CPU.ActiveCfg = Release|Any CPU
		{BB435CD8-28C6-43A2-BBF3-EAA95E3A66AE}.Release|Any CPU.Build.0 = Release|Any CPU
		{652ADDD6-411E-4D10-87AD-EB7AFEAAF406}.Debug|Any CPU.ActiveCfg = Debug|Any CPU
		{652ADDD6-411E-4D10-87AD-EB7AFEAAF406}.Debug|Any CPU.Build.0 = Debug|Any CPU
		{652ADDD6-411E-4D10-87AD-EB7AFEAAF406}.Release|Any CPU.ActiveCfg = Release|Any CPU
		{652ADDD6-411E-4D10-87AD-EB7AFEAAF406}.Release|Any CPU.Build.0 = Release|Any CPU
	EndGlobalSection
	GlobalSection(SolutionProperties) = preSolution
		HideSolutionNode = FALSE
	EndGlobalSection
	GlobalSection(ExtensibilityGlobals) = postSolution
		SolutionGuid = {17199C90-DD02-456A-9424-F7A5601C7840}
	EndGlobalSection
EndGlobal
